
Microsoft Visual Studio Solution File, Format Version 12.00
# Visual Studio Version 17
VisualStudioVersion = 17.14.36908.2 d17.14
MinimumVisualStudioVersion = 10.0.40219.1
Project("{FAE04EC0-301F-11D3-BF4B-00C04F79EFBC}") = "ProjetoCapeCode", "ProjetoCapeCode.csproj", "{7C110558-D9E9-4011-AEC3-830BC4DA416B}"
EndProject
Global
	GlobalSection(SolutionConfigurationPlatforms) = preSolution
		Debug|Any CPU = Debug|Any CPU
		Release|Any CPU = Release|Any CPU
	EndGlobalSection
	GlobalSection(ProjectConfigurationPlatforms) = postSolution
		{7C110558-D9E9-4011-AEC3-830BC4DA416B}.Debug|Any CPU.ActiveCfg = Debug|Any CPU
		{7C110558-D9E9-4011-AEC3-830BC4DA416B}.Debug|Any CPU.Build.0 = Debug|Any CPU
		{7C110558-D9E9-4011-AEC3-830BC4DA416B}.Release|Any CPU.ActiveCfg = Release|Any CPU
		{7C110558-D9E9-4011-AEC3-830BC4DA416B}.Release|Any CPU.Build.0 = Release|Any CPU
	EndGlobalSection
	GlobalSection(SolutionProperties) = preSolution
		HideSolutionNode = FALSE
	EndGlobalSection
	GlobalSection(ExtensibilityGlobals) = postSolution
		SolutionGuid = {19EF8448-0541-4F38-84CC-01B1B5B06EFE}
	EndGlobalSection
EndGlobal
